// !$*UTF8*$!
{
	archiveVersion = 1;
	classes = {
	};
	objectVersion = 50;
	objects = {

/* Begin PBXBuildFile section */
		0A80577B26BAD4FF0029D114 /* LocationWeather.swift in Sources */ = {isa = PBXBuildFile; fileRef = 0A80577A26BAD4FF0029D114 /* LocationWeather.swift */; };
		0A80577D26BAD9AC0029D114 /* APIHelper.swift in Sources */ = {isa = PBXBuildFile; fileRef = 0A80577C26BAD9AC0029D114 /* APIHelper.swift */; };
		0A80578226BC35290029D114 /* Helper.swift in Sources */ = {isa = PBXBuildFile; fileRef = 0A80578126BC35290029D114 /* Helper.swift */; };
		0A80578826BC6ACD0029D114 /* Constants.swift in Sources */ = {isa = PBXBuildFile; fileRef = 0A80578726BC6ACD0029D114 /* Constants.swift */; };
		0A80AAB826BDA5870003BAF4 /* showers.jpg in Resources */ = {isa = PBXBuildFile; fileRef = 0A80AAAE26BDA5870003BAF4 /* showers.jpg */; };
		0A80AAB926BDA5870003BAF4 /* sleet.jpg in Resources */ = {isa = PBXBuildFile; fileRef = 0A80AAAF26BDA5870003BAF4 /* sleet.jpg */; };
		0A80AABB26BDA5870003BAF4 /* clearSky.jpg in Resources */ = {isa = PBXBuildFile; fileRef = 0A80AAB126BDA5870003BAF4 /* clearSky.jpg */; };
		0A80AABC26BDA5870003BAF4 /* heavyRain.jpg in Resources */ = {isa = PBXBuildFile; fileRef = 0A80AAB226BDA5870003BAF4 /* heavyRain.jpg */; };
		0A80AABE26BDA5880003BAF4 /* lightRain.jpg in Resources */ = {isa = PBXBuildFile; fileRef = 0A80AAB426BDA5870003BAF4 /* lightRain.jpg */; };
		0A80AABF26BDA5880003BAF4 /* thunderstorm.jpg in Resources */ = {isa = PBXBuildFile; fileRef = 0A80AAB526BDA5870003BAF4 /* thunderstorm.jpg */; };
		0A80AAC026BDA5880003BAF4 /* lightCloud.jpg in Resources */ = {isa = PBXBuildFile; fileRef = 0A80AAB626BDA5870003BAF4 /* lightCloud.jpg */; };
		0A80AAC126BDA5880003BAF4 /* snow.jpg in Resources */ = {isa = PBXBuildFile; fileRef = 0A80AAB726BDA5870003BAF4 /* snow.jpg */; };
		0A80AAC326BDA6F40003BAF4 /* heavy_Cloud.jpg in Resources */ = {isa = PBXBuildFile; fileRef = 0A80AAC226BDA6F30003BAF4 /* heavy_Cloud.jpg */; };
		0A80AAC526BDA7780003BAF4 /* clear_sky.jpg in Resources */ = {isa = PBXBuildFile; fileRef = 0A80AAC426BDA7780003BAF4 /* clear_sky.jpg */; };
		0A80AAC726BDA7F20003BAF4 /* hailstorm.jpg in Resources */ = {isa = PBXBuildFile; fileRef = 0A80AAC626BDA7F20003BAF4 /* hailstorm.jpg */; };
		0A80AACD26BDB3BE0003BAF4 /* light.jpg in Resources */ = {isa = PBXBuildFile; fileRef = 0A80AACC26BDB3BE0003BAF4 /* light.jpg */; };
		0A8732BF26B9836C008B35B3 /* Location.swift in Sources */ = {isa = PBXBuildFile; fileRef = 0A8732BE26B9836C008B35B3 /* Location.swift */; };
		0A8732CD26B99DB5008B35B3 /* hr.png in Resources */ = {isa = PBXBuildFile; fileRef = 0A8732C326B99DB5008B35B3 /* hr.png */; };
		0A8732CE26B99DB5008B35B3 /* sl.png in Resources */ = {isa = PBXBuildFile; fileRef = 0A8732C426B99DB5008B35B3 /* sl.png */; };
		0A8732CF26B99DB5008B35B3 /* h.png in Resources */ = {isa = PBXBuildFile; fileRef = 0A8732C526B99DB5008B35B3 /* h.png */; };
		0A8732D026B99DB5008B35B3 /* c.png in Resources */ = {isa = PBXBuildFile; fileRef = 0A8732C626B99DB5008B35B3 /* c.png */; };
		0A8732D126B99DB5008B35B3 /* lc.png in Resources */ = {isa = PBXBuildFile; fileRef = 0A8732C726B99DB5008B35B3 /* lc.png */; };
		0A8732D226B99DB5008B35B3 /* s.png in Resources */ = {isa = PBXBuildFile; fileRef = 0A8732C826B99DB5008B35B3 /* s.png */; };
		0A8732D326B99DB5008B35B3 /* sn.png in Resources */ = {isa = PBXBuildFile; fileRef = 0A8732C926B99DB5008B35B3 /* sn.png */; };
		0A8732D426B99DB5008B35B3 /* t.png in Resources */ = {isa = PBXBuildFile; fileRef = 0A8732CA26B99DB5008B35B3 /* t.png */; };
		0A8732D526B99DB5008B35B3 /* lr.png in Resources */ = {isa = PBXBuildFile; fileRef = 0A8732CB26B99DB5008B35B3 /* lr.png */; };
		0A8732D626B99DB5008B35B3 /* hc.png in Resources */ = {isa = PBXBuildFile; fileRef = 0A8732CC26B99DB5008B35B3 /* hc.png */; };
		0A8732E226B9BD1E008B35B3 /* JSONHelper.swift in Sources */ = {isa = PBXBuildFile; fileRef = 0A8732E126B9BD1E008B35B3 /* JSONHelper.swift */; };
		0A8732E326B9BEF5008B35B3 /* Locations.json in Resources */ = {isa = PBXBuildFile; fileRef = 0A8732C126B99552008B35B3 /* Locations.json */; };
		0AAE52D526B344850012468B /* AppDelegate.swift in Sources */ = {isa = PBXBuildFile; fileRef = 0AAE52D426B344850012468B /* AppDelegate.swift */; };
		0AAE52D726B344850012468B /* SceneDelegate.swift in Sources */ = {isa = PBXBuildFile; fileRef = 0AAE52D626B344850012468B /* SceneDelegate.swift */; };
		0AAE52D926B344850012468B /* ViewController.swift in Sources */ = {isa = PBXBuildFile; fileRef = 0AAE52D826B344850012468B /* ViewController.swift */; };
		0AAE52DC26B344850012468B /* Main.storyboard in Resources */ = {isa = PBXBuildFile; fileRef = 0AAE52DA26B344850012468B /* Main.storyboard */; };
		0AAE52DE26B3448D0012468B /* Assets.xcassets in Resources */ = {isa = PBXBuildFile; fileRef = 0AAE52DD26B3448D0012468B /* Assets.xcassets */; };
		0AAE52E126B3448D0012468B /* LaunchScreen.storyboard in Resources */ = {isa = PBXBuildFile; fileRef = 0AAE52DF26B3448D0012468B /* LaunchScreen.storyboard */; };
		0AAE52EC26B3448D0012468B /* Weather_SwiftTests.swift in Sources */ = {isa = PBXBuildFile; fileRef = 0AAE52EB26B3448D0012468B /* Weather_SwiftTests.swift */; };
		0AAE52F726B3448E0012468B /* Weather_SwiftUITests.swift in Sources */ = {isa = PBXBuildFile; fileRef = 0AAE52F626B3448E0012468B /* Weather_SwiftUITests.swift */; };
/* End PBXBuildFile section */

/* Begin PBXContainerItemProxy section */
		0AAE52E826B3448D0012468B /* PBXContainerItemProxy */ = {
			isa = PBXContainerItemProxy;
			containerPortal = 0AAE52C926B344850012468B /* Project object */;
			proxyType = 1;
			remoteGlobalIDString = 0AAE52D026B344850012468B;
			remoteInfo = Weather_Swift;
		};
		0AAE52F326B3448D0012468B /* PBXContainerItemProxy */ = {
			isa = PBXContainerItemProxy;
			containerPortal = 0AAE52C926B344850012468B /* Project object */;
			proxyType = 1;
			remoteGlobalIDString = 0AAE52D026B344850012468B;
			remoteInfo = Weather_Swift;
		};
/* End PBXContainerItemProxy section */

/* Begin PBXFileReference section */
		0A80577A26BAD4FF0029D114 /* LocationWeather.swift */ = {isa = PBXFileReference; lastKnownFileType = sourcecode.swift; path = LocationWeather.swift; sourceTree = "<group>"; };
		0A80577C26BAD9AC0029D114 /* APIHelper.swift */ = {isa = PBXFileReference; lastKnownFileType = sourcecode.swift; path = APIHelper.swift; sourceTree = "<group>"; };
		0A80578126BC35290029D114 /* Helper.swift */ = {isa = PBXFileReference; lastKnownFileType = sourcecode.swift; path = Helper.swift; sourceTree = "<group>"; };
		0A80578726BC6ACD0029D114 /* Constants.swift */ = {isa = PBXFileReference; lastKnownFileType = sourcecode.swift; path = Constants.swift; sourceTree = "<group>"; };
		0A80AAAE26BDA5870003BAF4 /* showers.jpg */ = {isa = PBXFileReference; lastKnownFileType = image.jpeg; path = showers.jpg; sourceTree = "<group>"; };
		0A80AAAF26BDA5870003BAF4 /* sleet.jpg */ = {isa = PBXFileReference; lastKnownFileType = image.jpeg; path = sleet.jpg; sourceTree = "<group>"; };
		0A80AAB126BDA5870003BAF4 /* clearSky.jpg */ = {isa = PBXFileReference; lastKnownFileType = image.jpeg; path = clearSky.jpg; sourceTree = "<group>"; };
		0A80AAB226BDA5870003BAF4 /* heavyRain.jpg */ = {isa = PBXFileReference; lastKnownFileType = image.jpeg; path = heavyRain.jpg; sourceTree = "<group>"; };
		0A80AAB426BDA5870003BAF4 /* lightRain.jpg */ = {isa = PBXFileReference; lastKnownFileType = image.jpeg; path = lightRain.jpg; sourceTree = "<group>"; };
		0A80AAB526BDA5870003BAF4 /* thunderstorm.jpg */ = {isa = PBXFileReference; lastKnownFileType = image.jpeg; path = thunderstorm.jpg; sourceTree = "<group>"; };
		0A80AAB626BDA5870003BAF4 /* lightCloud.jpg */ = {isa = PBXFileReference; lastKnownFileType = image.jpeg; path = lightCloud.jpg; sourceTree = "<group>"; };
		0A80AAB726BDA5870003BAF4 /* snow.jpg */ = {isa = PBXFileReference; lastKnownFileType = image.jpeg; path = snow.jpg; sourceTree = "<group>"; };
		0A80AAC226BDA6F30003BAF4 /* heavy_Cloud.jpg */ = {isa = PBXFileReference; lastKnownFileType = image.jpeg; path = heavy_Cloud.jpg; sourceTree = "<group>"; };
		0A80AAC426BDA7780003BAF4 /* clear_sky.jpg */ = {isa = PBXFileReference; lastKnownFileType = image.jpeg; path = clear_sky.jpg; sourceTree = "<group>"; };
		0A80AAC626BDA7F20003BAF4 /* hailstorm.jpg */ = {isa = PBXFileReference; lastKnownFileType = image.jpeg; path = hailstorm.jpg; sourceTree = "<group>"; };
		0A80AACC26BDB3BE0003BAF4 /* light.jpg */ = {isa = PBXFileReference; lastKnownFileType = image.jpeg; path = light.jpg; sourceTree = "<group>"; };
		0A8732BE26B9836C008B35B3 /* Location.swift */ = {isa = PBXFileReference; lastKnownFileType = sourcecode.swift; path = Location.swift; sourceTree = "<group>"; };
		0A8732C126B99552008B35B3 /* Locations.json */ = {isa = PBXFileReference; lastKnownFileType = text.json; path = Locations.json; sourceTree = "<group>"; };
		0A8732C326B99DB5008B35B3 /* hr.png */ = {isa = PBXFileReference; lastKnownFileType = image.png; path = hr.png; sourceTree = "<group>"; };
		0A8732C426B99DB5008B35B3 /* sl.png */ = {isa = PBXFileReference; lastKnownFileType = image.png; path = sl.png; sourceTree = "<group>"; };
		0A8732C526B99DB5008B35B3 /* h.png */ = {isa = PBXFileReference; lastKnownFileType = image.png; path = h.png; sourceTree = "<group>"; };
		0A8732C626B99DB5008B35B3 /* c.png */ = {isa = PBXFileReference; lastKnownFileType = image.png; path = c.png; sourceTree = "<group>"; };
		0A8732C726B99DB5008B35B3 /* lc.png */ = {isa = PBXFileReference; lastKnownFileType = image.png; path = lc.png; sourceTree = "<group>"; };
		0A8732C826B99DB5008B35B3 /* s.png */ = {isa = PBXFileReference; lastKnownFileType = image.png; path = s.png; sourceTree = "<group>"; };
		0A8732C926B99DB5008B35B3 /* sn.png */ = {isa = PBXFileReference; lastKnownFileType = image.png; path = sn.png; sourceTree = "<group>"; };
		0A8732CA26B99DB5008B35B3 /* t.png */ = {isa = PBXFileReference; lastKnownFileType = image.png; path = t.png; sourceTree = "<group>"; };
		0A8732CB26B99DB5008B35B3 /* lr.png */ = {isa = PBXFileReference; lastKnownFileType = image.png; path = lr.png; sourceTree = "<group>"; };
		0A8732CC26B99DB5008B35B3 /* hc.png */ = {isa = PBXFileReference; lastKnownFileType = image.png; path = hc.png; sourceTree = "<group>"; };
		0A8732E126B9BD1E008B35B3 /* JSONHelper.swift */ = {isa = PBXFileReference; lastKnownFileType = sourcecode.swift; path = JSONHelper.swift; sourceTree = "<group>"; };
		0AAE52D126B344850012468B /* Weather_Swift.app */ = {isa = PBXFileReference; explicitFileType = wrapper.application; includeInIndex = 0; path = Weather_Swift.app; sourceTree = BUILT_PRODUCTS_DIR; };
		0AAE52D426B344850012468B /* AppDelegate.swift */ = {isa = PBXFileReference; lastKnownFileType = sourcecode.swift; path = AppDelegate.swift; sourceTree = "<group>"; };
		0AAE52D626B344850012468B /* SceneDelegate.swift */ = {isa = PBXFileReference; lastKnownFileType = sourcecode.swift; path = SceneDelegate.swift; sourceTree = "<group>"; };
		0AAE52D826B344850012468B /* ViewController.swift */ = {isa = PBXFileReference; lastKnownFileType = sourcecode.swift; path = ViewController.swift; sourceTree = "<group>"; };
		0AAE52DB26B344850012468B /* Base */ = {isa = PBXFileReference; lastKnownFileType = file.storyboard; name = Base; path = Base.lproj/Main.storyboard; sourceTree = "<group>"; };
		0AAE52DD26B3448D0012468B /* Assets.xcassets */ = {isa = PBXFileReference; lastKnownFileType = folder.assetcatalog; path = Assets.xcassets; sourceTree = "<group>"; };
		0AAE52E026B3448D0012468B /* Base */ = {isa = PBXFileReference; lastKnownFileType = file.storyboard; name = Base; path = Base.lproj/LaunchScreen.storyboard; sourceTree = "<group>"; };
		0AAE52E226B3448D0012468B /* Info.plist */ = {isa = PBXFileReference; lastKnownFileType = text.plist.xml; path = Info.plist; sourceTree = "<group>"; };
		0AAE52E726B3448D0012468B /* Weather_SwiftTests.xctest */ = {isa = PBXFileReference; explicitFileType = wrapper.cfbundle; includeInIndex = 0; path = Weather_SwiftTests.xctest; sourceTree = BUILT_PRODUCTS_DIR; };
		0AAE52EB26B3448D0012468B /* Weather_SwiftTests.swift */ = {isa = PBXFileReference; lastKnownFileType = sourcecode.swift; path = Weather_SwiftTests.swift; sourceTree = "<group>"; };
		0AAE52ED26B3448D0012468B /* Info.plist */ = {isa = PBXFileReference; lastKnownFileType = text.plist.xml; path = Info.plist; sourceTree = "<group>"; };
		0AAE52F226B3448D0012468B /* Weather_SwiftUITests.xctest */ = {isa = PBXFileReference; explicitFileType = wrapper.cfbundle; includeInIndex = 0; path = Weather_SwiftUITests.xctest; sourceTree = BUILT_PRODUCTS_DIR; };
		0AAE52F626B3448E0012468B /* Weather_SwiftUITests.swift */ = {isa = PBXFileReference; lastKnownFileType = sourcecode.swift; path = Weather_SwiftUITests.swift; sourceTree = "<group>"; };
		0AAE52F826B3448E0012468B /* Info.plist */ = {isa = PBXFileReference; lastKnownFileType = text.plist.xml; path = Info.plist; sourceTree = "<group>"; };
/* End PBXFileReference section */

/* Begin PBXFrameworksBuildPhase section */
		0AAE52CE26B344850012468B /* Frameworks */ = {
			isa = PBXFrameworksBuildPhase;
			buildActionMask = 2147483647;
			files = (
			);
			runOnlyForDeploymentPostprocessing = 0;
		};
		0AAE52E426B3448D0012468B /* Frameworks */ = {
			isa = PBXFrameworksBuildPhase;
			buildActionMask = 2147483647;
			files = (
			);
			runOnlyForDeploymentPostprocessing = 0;
		};
		0AAE52EF26B3448D0012468B /* Frameworks */ = {
			isa = PBXFrameworksBuildPhase;
			buildActionMask = 2147483647;
			files = (
			);
			runOnlyForDeploymentPostprocessing = 0;
		};
/* End PBXFrameworksBuildPhase section */

/* Begin PBXGroup section */
		0A80577E26BAD9B70029D114 /* APIHelper */ = {
			isa = PBXGroup;
			children = (
				0A80577C26BAD9AC0029D114 /* APIHelper.swift */,
			);
			path = APIHelper;
			sourceTree = "<group>";
		};
		0A80577F26BAD9C80029D114 /* JSONHelper */ = {
			isa = PBXGroup;
			children = (
				0A8732E126B9BD1E008B35B3 /* JSONHelper.swift */,
			);
			path = JSONHelper;
			sourceTree = "<group>";
		};
		0A80578026BC34F10029D114 /* Managers */ = {
			isa = PBXGroup;
			children = (
				0A80578126BC35290029D114 /* Helper.swift */,
			);
			path = Managers;
			sourceTree = "<group>";
		};
		0A80578926BC6AD40029D114 /* Utilities */ = {
			isa = PBXGroup;
			children = (
				0A80578726BC6ACD0029D114 /* Constants.swift */,
			);
			path = Utilities;
			sourceTree = "<group>";
		};
		0A8732C026B98714008B35B3 /* Model */ = {
			isa = PBXGroup;
			children = (
				0A8732BE26B9836C008B35B3 /* Location.swift */,
				0A80577A26BAD4FF0029D114 /* LocationWeather.swift */,
			);
			path = Model;
			sourceTree = "<group>";
		};
		0A8732C226B99D88008B35B3 /* Images */ = {
			isa = PBXGroup;
			children = (
				0A80AACC26BDB3BE0003BAF4 /* light.jpg */,
				0A80AAC626BDA7F20003BAF4 /* hailstorm.jpg */,
				0A80AAC426BDA7780003BAF4 /* clear_sky.jpg */,
				0A80AAC226BDA6F30003BAF4 /* heavy_Cloud.jpg */,
				0A80AAB126BDA5870003BAF4 /* clearSky.jpg */,
				0A80AAB226BDA5870003BAF4 /* heavyRain.jpg */,
				0A80AAB626BDA5870003BAF4 /* lightCloud.jpg */,
				0A80AAB426BDA5870003BAF4 /* lightRain.jpg */,
				0A80AAAE26BDA5870003BAF4 /* showers.jpg */,
				0A80AAAF26BDA5870003BAF4 /* sleet.jpg */,
				0A80AAB726BDA5870003BAF4 /* snow.jpg */,
				0A80AAB526BDA5870003BAF4 /* thunderstorm.jpg */,
				0A8732C626B99DB5008B35B3 /* c.png */,
				0A8732C526B99DB5008B35B3 /* h.png */,
				0A8732CC26B99DB5008B35B3 /* hc.png */,
				0A8732C326B99DB5008B35B3 /* hr.png */,
				0A8732C726B99DB5008B35B3 /* lc.png */,
				0A8732CB26B99DB5008B35B3 /* lr.png */,
				0A8732C826B99DB5008B35B3 /* s.png */,
				0A8732C426B99DB5008B35B3 /* sl.png */,
				0A8732C926B99DB5008B35B3 /* sn.png */,
				0A8732CA26B99DB5008B35B3 /* t.png */,
			);
			path = Images;
			sourceTree = "<group>";
		};
		0A8732E026B9A563008B35B3 /* ViewController */ = {
			isa = PBXGroup;
			children = (
				0AAE52D826B344850012468B /* ViewController.swift */,
			);
			path = ViewController;
			sourceTree = "<group>";
		};
		0AAE52C826B344850012468B = {
			isa = PBXGroup;
			children = (
				0A8732C126B99552008B35B3 /* Locations.json */,
				0AAE52D326B344850012468B /* Weather_Swift */,
				0AAE52EA26B3448D0012468B /* Weather_SwiftTests */,
				0AAE52F526B3448D0012468B /* Weather_SwiftUITests */,
				0AAE52D226B344850012468B /* Products */,
			);
			sourceTree = "<group>";
		};
		0AAE52D226B344850012468B /* Products */ = {
			isa = PBXGroup;
			children = (
				0AAE52D126B344850012468B /* Weather_Swift.app */,
				0AAE52E726B3448D0012468B /* Weather_SwiftTests.xctest */,
				0AAE52F226B3448D0012468B /* Weather_SwiftUITests.xctest */,
			);
			name = Products;
			sourceTree = "<group>";
		};
		0AAE52D326B344850012468B /* Weather_Swift */ = {
			isa = PBXGroup;
			children = (
				0A80578926BC6AD40029D114 /* Utilities */,
				0A80578026BC34F10029D114 /* Managers */,
				0A80577F26BAD9C80029D114 /* JSONHelper */,
				0A80577E26BAD9B70029D114 /* APIHelper */,
				0A8732E026B9A563008B35B3 /* ViewController */,
				0A8732C226B99D88008B35B3 /* Images */,
				0A8732C026B98714008B35B3 /* Model */,
				0AAE52D426B344850012468B /* AppDelegate.swift */,
				0AAE52D626B344850012468B /* SceneDelegate.swift */,
				0AAE52DA26B344850012468B /* Main.storyboard */,
				0AAE52DD26B3448D0012468B /* Assets.xcassets */,
				0AAE52DF26B3448D0012468B /* LaunchScreen.storyboard */,
				0AAE52E226B3448D0012468B /* Info.plist */,
			);
			path = Weather_Swift;
			sourceTree = "<group>";
		};
		0AAE52EA26B3448D0012468B /* Weather_SwiftTests */ = {
			isa = PBXGroup;
			children = (
				0AAE52EB26B3448D0012468B /* Weather_SwiftTests.swift */,
				0AAE52ED26B3448D0012468B /* Info.plist */,
			);
			path = Weather_SwiftTests;
			sourceTree = "<group>";
		};
		0AAE52F526B3448D0012468B /* Weather_SwiftUITests */ = {
			isa = PBXGroup;
			children = (
				0AAE52F626B3448E0012468B /* Weather_SwiftUITests.swift */,
				0AAE52F826B3448E0012468B /* Info.plist */,
			);
			path = Weather_SwiftUITests;
			sourceTree = "<group>";
		};
/* End PBXGroup section */

/* Begin PBXNativeTarget section */
		0AAE52D026B344850012468B /* Weather_Swift */ = {
			isa = PBXNativeTarget;
			buildConfigurationList = 0AAE52FB26B3448E0012468B /* Build configuration list for PBXNativeTarget "Weather_Swift" */;
			buildPhases = (
				0AAE52CD26B344850012468B /* Sources */,
				0AAE52CE26B344850012468B /* Frameworks */,
				0AAE52CF26B344850012468B /* Resources */,
			);
			buildRules = (
			);
			dependencies = (
			);
			name = Weather_Swift;
			productName = Weather_Swift;
			productReference = 0AAE52D126B344850012468B /* Weather_Swift.app */;
			productType = "com.apple.product-type.application";
		};
		0AAE52E626B3448D0012468B /* Weather_SwiftTests */ = {
			isa = PBXNativeTarget;
			buildConfigurationList = 0AAE52FE26B3448E0012468B /* Build configuration list for PBXNativeTarget "Weather_SwiftTests" */;
			buildPhases = (
				0AAE52E326B3448D0012468B /* Sources */,
				0AAE52E426B3448D0012468B /* Frameworks */,
				0AAE52E526B3448D0012468B /* Resources */,
			);
			buildRules = (
			);
			dependencies = (
				0AAE52E926B3448D0012468B /* PBXTargetDependency */,
			);
			name = Weather_SwiftTests;
			productName = Weather_SwiftTests;
			productReference = 0AAE52E726B3448D0012468B /* Weather_SwiftTests.xctest */;
			productType = "com.apple.product-type.bundle.unit-test";
		};
		0AAE52F126B3448D0012468B /* Weather_SwiftUITests */ = {
			isa = PBXNativeTarget;
			buildConfigurationList = 0AAE530126B3448E0012468B /* Build configuration list for PBXNativeTarget "Weather_SwiftUITests" */;
			buildPhases = (
				0AAE52EE26B3448D0012468B /* Sources */,
				0AAE52EF26B3448D0012468B /* Frameworks */,
				0AAE52F026B3448D0012468B /* Resources */,
			);
			buildRules = (
			);
			dependencies = (
				0AAE52F426B3448D0012468B /* PBXTargetDependency */,
			);
			name = Weather_SwiftUITests;
			productName = Weather_SwiftUITests;
			productReference = 0AAE52F226B3448D0012468B /* Weather_SwiftUITests.xctest */;
			productType = "com.apple.product-type.bundle.ui-testing";
		};
/* End PBXNativeTarget section */

/* Begin PBXProject section */
		0AAE52C926B344850012468B /* Project object */ = {
			isa = PBXProject;
			attributes = {
				LastSwiftUpdateCheck = 1240;
				LastUpgradeCheck = 1240;
				TargetAttributes = {
					0AAE52D026B344850012468B = {
						CreatedOnToolsVersion = 12.4;
					};
					0AAE52E626B3448D0012468B = {
						CreatedOnToolsVersion = 12.4;
						TestTargetID = 0AAE52D026B344850012468B;
					};
					0AAE52F126B3448D0012468B = {
						CreatedOnToolsVersion = 12.4;
						TestTargetID = 0AAE52D026B344850012468B;
					};
				};
			};
			buildConfigurationList = 0AAE52CC26B344850012468B /* Build configuration list for PBXProject "Weather_Swift" */;
			compatibilityVersion = "Xcode 9.3";
			developmentRegion = en;
			hasScannedForEncodings = 0;
			knownRegions = (
				en,
				Base,
			);
			mainGroup = 0AAE52C826B344850012468B;
			productRefGroup = 0AAE52D226B344850012468B /* Products */;
			projectDirPath = "";
			projectRoot = "";
			targets = (
				0AAE52D026B344850012468B /* Weather_Swift */,
				0AAE52E626B3448D0012468B /* Weather_SwiftTests */,
				0AAE52F126B3448D0012468B /* Weather_SwiftUITests */,
			);
		};
/* End PBXProject section */

/* Begin PBXResourcesBuildPhase section */
		0AAE52CF26B344850012468B /* Resources */ = {
			isa = PBXResourcesBuildPhase;
			buildActionMask = 2147483647;
			files = (
				0A8732E326B9BEF5008B35B3 /* Locations.json in Resources */,
				0A80AAC526BDA7780003BAF4 /* clear_sky.jpg in Resources */,
				0A8732D626B99DB5008B35B3 /* hc.png in Resources */,
				0A8732D426B99DB5008B35B3 /* t.png in Resources */,
				0A8732D326B99DB5008B35B3 /* sn.png in Resources */,
				0A8732D226B99DB5008B35B3 /* s.png in Resources */,
				0A80AAC026BDA5880003BAF4 /* lightCloud.jpg in Resources */,
				0A80AABB26BDA5870003BAF4 /* clearSky.jpg in Resources */,
				0A80AABE26BDA5880003BAF4 /* lightRain.jpg in Resources */,
				0A80AAB926BDA5870003BAF4 /* sleet.jpg in Resources */,
				0A8732D126B99DB5008B35B3 /* lc.png in Resources */,
				0A8732CF26B99DB5008B35B3 /* h.png in Resources */,
				0A8732CE26B99DB5008B35B3 /* sl.png in Resources */,
				0A80AABC26BDA5870003BAF4 /* heavyRain.jpg in Resources */,
				0A80AAB826BDA5870003BAF4 /* showers.jpg in Resources */,
				0A80AABF26BDA5880003BAF4 /* thunderstorm.jpg in Resources */,
				0A8732D026B99DB5008B35B3 /* c.png in Resources */,
				0A8732D526B99DB5008B35B3 /* lr.png in Resources */,
				0AAE52E126B3448D0012468B /* LaunchScreen.storyboard in Resources */,
				0A80AAC326BDA6F40003BAF4 /* heavy_Cloud.jpg in Resources */,
				0AAE52DE26B3448D0012468B /* Assets.xcassets in Resources */,
				0A80AAC726BDA7F20003BAF4 /* hailstorm.jpg in Resources */,
				0AAE52DC26B344850012468B /* Main.storyboard in Resources */,
				0A80AAC126BDA5880003BAF4 /* snow.jpg in Resources */,
				0A80AACD26BDB3BE0003BAF4 /* light.jpg in Resources */,
				0A8732CD26B99DB5008B35B3 /* hr.png in Resources */,
			);
			runOnlyForDeploymentPostprocessing = 0;
		};
		0AAE52E526B3448D0012468B /* Resources */ = {
			isa = PBXResourcesBuildPhase;
			buildActionMask = 2147483647;
			files = (
			);
			runOnlyForDeploymentPostprocessing = 0;
		};
		0AAE52F026B3448D0012468B /* Resources */ = {
			isa = PBXResourcesBuildPhase;
			buildActionMask = 2147483647;
			files = (
			);
			runOnlyForDeploymentPostprocessing = 0;
		};
/* End PBXResourcesBuildPhase section */

/* Begin PBXSourcesBuildPhase section */
		0AAE52CD26B344850012468B /* Sources */ = {
			isa = PBXSourcesBuildPhase;
			buildActionMask = 2147483647;
			files = (
				0A80577D26BAD9AC0029D114 /* APIHelper.swift in Sources */,
				0A8732E226B9BD1E008B35B3 /* JSONHelper.swift in Sources */,
				0A80577B26BAD4FF0029D114 /* LocationWeather.swift in Sources */,
				0AAE52D926B344850012468B /* ViewController.swift in Sources */,
				0AAE52D526B344850012468B /* AppDelegate.swift in Sources */,
				0A8732BF26B9836C008B35B3 /* Location.swift in Sources */,
				0A80578226BC35290029D114 /* Helper.swift in Sources */,
				0AAE52D726B344850012468B /* SceneDelegate.swift in Sources */,
				0A80578826BC6ACD0029D114 /* Constants.swift in Sources */,
			);
			runOnlyForDeploymentPostprocessing = 0;
		};
		0AAE52E326B3448D0012468B /* Sources */ = {
			isa = PBXSourcesBuildPhase;
			buildActionMask = 2147483647;
			files = (
				0AAE52EC26B3448D0012468B /* Weather_SwiftTests.swift in Sources */,
			);
			runOnlyForDeploymentPostprocessing = 0;
		};
		0AAE52EE26B3448D0012468B /* Sources */ = {
			isa = PBXSourcesBuildPhase;
			buildActionMask = 2147483647;
			files = (
				0AAE52F726B3448E0012468B /* Weather_SwiftUITests.swift in Sources */,
			);
			runOnlyForDeploymentPostprocessing = 0;
		};
/* End PBXSourcesBuildPhase section */

/* Begin PBXTargetDependency section */
		0AAE52E926B3448D0012468B /* PBXTargetDependency */ = {
			isa = PBXTargetDependency;
			target = 0AAE52D026B344850012468B /* Weather_Swift */;
			targetProxy = 0AAE52E826B3448D0012468B /* PBXContainerItemProxy */;
		};
		0AAE52F426B3448D0012468B /* PBXTargetDependency */ = {
			isa = PBXTargetDependency;
			target = 0AAE52D026B344850012468B /* Weather_Swift */;
			targetProxy = 0AAE52F326B3448D0012468B /* PBXContainerItemProxy */;
		};
/* End PBXTargetDependency section */

/* Begin PBXVariantGroup section */
		0AAE52DA26B344850012468B /* Main.storyboard */ = {
			isa = PBXVariantGroup;
			children = (
				0AAE52DB26B344850012468B /* Base */,
			);
			name = Main.storyboard;
			sourceTree = "<group>";
		};
		0AAE52DF26B3448D0012468B /* LaunchScreen.storyboard */ = {
			isa = PBXVariantGroup;
			children = (
				0AAE52E026B3448D0012468B /* Base */,
			);
			name = LaunchScreen.storyboard;
			sourceTree = "<group>";
		};
/* End PBXVariantGroup section */

/* Begin XCBuildConfiguration section */
		0AAE52F926B3448E0012468B /* Debug */ = {
			isa = XCBuildConfiguration;
			buildSettings = {
				ALWAYS_SEARCH_USER_PATHS = NO;
				CLANG_ANALYZER_NONNULL = YES;
				CLANG_ANALYZER_NUMBER_OBJECT_CONVERSION = YES_AGGRESSIVE;
				CLANG_CXX_LANGUAGE_STANDARD = "gnu++14";
				CLANG_CXX_LIBRARY = "libc++";
				CLANG_ENABLE_MODULES = YES;
				CLANG_ENABLE_OBJC_ARC = YES;
				CLANG_ENABLE_OBJC_WEAK = YES;
				CLANG_WARN_BLOCK_CAPTURE_AUTORELEASING = YES;
				CLANG_WARN_BOOL_CONVERSION = YES;
				CLANG_WARN_COMMA = YES;
				CLANG_WARN_CONSTANT_CONVERSION = YES;
				CLANG_WARN_DEPRECATED_OBJC_IMPLEMENTATIONS = YES;
				CLANG_WARN_DIRECT_OBJC_ISA_USAGE = YES_ERROR;
				CLANG_WARN_DOCUMENTATION_COMMENTS = YES;
				CLANG_WARN_EMPTY_BODY = YES;
				CLANG_WARN_ENUM_CONVERSION = YES;
				CLANG_WARN_INFINITE_RECURSION = YES;
				CLANG_WARN_INT_CONVERSION = YES;
				CLANG_WARN_NON_LITERAL_NULL_CONVERSION = YES;
				CLANG_WARN_OBJC_IMPLICIT_RETAIN_SELF = YES;
				CLANG_WARN_OBJC_LITERAL_CONVERSION = YES;
				CLANG_WARN_OBJC_ROOT_CLASS = YES_ERROR;
				CLANG_WARN_QUOTED_INCLUDE_IN_FRAMEWORK_HEADER = YES;
				CLANG_WARN_RANGE_LOOP_ANALYSIS = YES;
				CLANG_WARN_STRICT_PROTOTYPES = YES;
				CLANG_WARN_SUSPICIOUS_MOVE = YES;
				CLANG_WARN_UNGUARDED_AVAILABILITY = YES_AGGRESSIVE;
				CLANG_WARN_UNREACHABLE_CODE = YES;
				CLANG_WARN__DUPLICATE_METHOD_MATCH = YES;
				COPY_PHASE_STRIP = NO;
				DEBUG_INFORMATION_FORMAT = dwarf;
				ENABLE_STRICT_OBJC_MSGSEND = YES;
				ENABLE_TESTABILITY = YES;
				GCC_C_LANGUAGE_STANDARD = gnu11;
				GCC_DYNAMIC_NO_PIC = NO;
				GCC_NO_COMMON_BLOCKS = YES;
				GCC_OPTIMIZATION_LEVEL = 0;
				GCC_PREPROCESSOR_DEFINITIONS = (
					"DEBUG=1",
					"$(inherited)",
				);
				GCC_WARN_64_TO_32_BIT_CONVERSION = YES;
				GCC_WARN_ABOUT_RETURN_TYPE = YES_ERROR;
				GCC_WARN_UNDECLARED_SELECTOR = YES;
				GCC_WARN_UNINITIALIZED_AUTOS = YES_AGGRESSIVE;
				GCC_WARN_UNUSED_FUNCTION = YES;
				GCC_WARN_UNUSED_VARIABLE = YES;
				IPHONEOS_DEPLOYMENT_TARGET = 14.4;
				MTL_ENABLE_DEBUG_INFO = INCLUDE_SOURCE;
				MTL_FAST_MATH = YES;
				ONLY_ACTIVE_ARCH = YES;
				SDKROOT = iphoneos;
				SWIFT_ACTIVE_COMPILATION_CONDITIONS = DEBUG;
				SWIFT_OPTIMIZATION_LEVEL = "-Onone";
			};
			name = Debug;
		};
		0AAE52FA26B3448E0012468B /* Release */ = {
			isa = XCBuildConfiguration;
			buildSettings = {
				ALWAYS_SEARCH_USER_PATHS = NO;
				CLANG_ANALYZER_NONNULL = YES;
				CLANG_ANALYZER_NUMBER_OBJECT_CONVERSION = YES_AGGRESSIVE;
				CLANG_CXX_LANGUAGE_STANDARD = "gnu++14";
				CLANG_CXX_LIBRARY = "libc++";
				CLANG_ENABLE_MODULES = YES;
				CLANG_ENABLE_OBJC_ARC = YES;
				CLANG_ENABLE_OBJC_WEAK = YES;
				CLANG_WARN_BLOCK_CAPTURE_AUTORELEASING = YES;
				CLANG_WARN_BOOL_CONVERSION = YES;
				CLANG_WARN_COMMA = YES;
				CLANG_WARN_CONSTANT_CONVERSION = YES;
				CLANG_WARN_DEPRECATED_OBJC_IMPLEMENTATIONS = YES;
				CLANG_WARN_DIRECT_OBJC_ISA_USAGE = YES_ERROR;
				CLANG_WARN_DOCUMENTATION_COMMENTS = YES;
				CLANG_WARN_EMPTY_BODY = YES;
				CLANG_WARN_ENUM_CONVERSION = YES;
				CLANG_WARN_INFINITE_RECURSION = YES;
				CLANG_WARN_INT_CONVERSION = YES;
				CLANG_WARN_NON_LITERAL_NULL_CONVERSION = YES;
				CLANG_WARN_OBJC_IMPLICIT_RETAIN_SELF = YES;
				CLANG_WARN_OBJC_LITERAL_CONVERSION = YES;
				CLANG_WARN_OBJC_ROOT_CLASS = YES_ERROR;
				CLANG_WARN_QUOTED_INCLUDE_IN_FRAMEWORK_HEADER = YES;
				CLANG_WARN_RANGE_LOOP_ANALYSIS = YES;
				CLANG_WARN_STRICT_PROTOTYPES = YES;
				CLANG_WARN_SUSPICIOUS_MOVE = YES;
				CLANG_WARN_UNGUARDED_AVAILABILITY = YES_AGGRESSIVE;
				CLANG_WARN_UNREACHABLE_CODE = YES;
				CLANG_WARN__DUPLICATE_METHOD_MATCH = YES;
				COPY_PHASE_STRIP = NO;
				DEBUG_INFORMATION_FORMAT = "dwarf-with-dsym";
				ENABLE_NS_ASSERTIONS = NO;
				ENABLE_STRICT_OBJC_MSGSEND = YES;
				GCC_C_LANGUAGE_STANDARD = gnu11;
				GCC_NO_COMMON_BLOCKS = YES;
				GCC_WARN_64_TO_32_BIT_CONVERSION = YES;
				GCC_WARN_ABOUT_RETURN_TYPE = YES_ERROR;
				GCC_WARN_UNDECLARED_SELECTOR = YES;
				GCC_WARN_UNINITIALIZED_AUTOS = YES_AGGRESSIVE;
				GCC_WARN_UNUSED_FUNCTION = YES;
				GCC_WARN_UNUSED_VARIABLE = YES;
				IPHONEOS_DEPLOYMENT_TARGET = 14.4;
				MTL_ENABLE_DEBUG_INFO = NO;
				MTL_FAST_MATH = YES;
				SDKROOT = iphoneos;
				SWIFT_COMPILATION_MODE = wholemodule;
				SWIFT_OPTIMIZATION_LEVEL = "-O";
				VALIDATE_PRODUCT = YES;
			};
			name = Release;
		};
		0AAE52FC26B3448E0012468B /* Debug */ = {
			isa = XCBuildConfiguration;
			buildSettings = {
				ASSETCATALOG_COMPILER_APPICON_NAME = AppIcon;
				ASSETCATALOG_COMPILER_GLOBAL_ACCENT_COLOR_NAME = AccentColor;
				CODE_SIGN_STYLE = Automatic;
				DEVELOPMENT_TEAM = 8K8KX9B72D;
				INFOPLIST_FILE = Weather_Swift/Info.plist;
				LD_RUNPATH_SEARCH_PATHS = (
					"$(inherited)",
					"@executable_path/Frameworks",
				);
				PRODUCT_BUNDLE_IDENTIFIER = "com.self.Weather-Swift";
				PRODUCT_NAME = "$(TARGET_NAME)";
				SWIFT_VERSION = 5.0;
				TARGETED_DEVICE_FAMILY = "1,2";
			};
			name = Debug;
		};
		0AAE52FD26B3448E0012468B /* Release */ = {
			isa = XCBuildConfiguration;
			buildSettings = {
				ASSETCATALOG_COMPILER_APPICON_NAME = AppIcon;
				ASSETCATALOG_COMPILER_GLOBAL_ACCENT_COLOR_NAME = AccentColor;
				CODE_SIGN_STYLE = Automatic;
				DEVELOPMENT_TEAM = 8K8KX9B72D;
				INFOPLIST_FILE = Weather_Swift/Info.plist;
				LD_RUNPATH_SEARCH_PATHS = (
					"$(inherited)",
					"@executable_path/Frameworks",
				);
				PRODUCT_BUNDLE_IDENTIFIER = "com.self.Weather-Swift";
				PRODUCT_NAME = "$(TARGET_NAME)";
				SWIFT_VERSION = 5.0;
				TARGETED_DEVICE_FAMILY = "1,2";
			};
			name = Release;
		};
		0AAE52FF26B3448E0012468B /* Debug */ = {
			isa = XCBuildConfiguration;
			buildSettings = {
				ALWAYS_EMBED_SWIFT_STANDARD_LIBRARIES = YES;
				BUNDLE_LOADER = "$(TEST_HOST)";
				CODE_SIGN_STYLE = Automatic;
				INFOPLIST_FILE = Weather_SwiftTests/Info.plist;
				IPHONEOS_DEPLOYMENT_TARGET = 14.4;
				LD_RUNPATH_SEARCH_PATHS = (
					"$(inherited)",
					"@executable_path/Frameworks",
					"@loader_path/Frameworks",
				);
				PRODUCT_BUNDLE_IDENTIFIER = "com.self.Weather-SwiftTests";
				PRODUCT_NAME = "$(TARGET_NAME)";
				SWIFT_VERSION = 5.0;
				TARGETED_DEVICE_FAMILY = "1,2";
				TEST_HOST = "$(BUILT_PRODUCTS_DIR)/Weather_Swift.app/Weather_Swift";
			};
			name = Debug;
		};
		0AAE530026B3448E0012468B /* Release */ = {
			isa = XCBuildConfiguration;
			buildSettings = {
				ALWAYS_EMBED_SWIFT_STANDARD_LIBRARIES = YES;
				BUNDLE_LOADER = "$(TEST_HOST)";
				CODE_SIGN_STYLE = Automatic;
				INFOPLIST_FILE = Weather_SwiftTests/Info.plist;
				IPHONEOS_DEPLOYMENT_TARGET = 14.4;
				LD_RUNPATH_SEARCH_PATHS = (
					"$(inherited)",
					"@executable_path/Frameworks",
					"@loader_path/Frameworks",
				);
				PRODUCT_BUNDLE_IDENTIFIER = "com.self.Weather-SwiftTests";
				PRODUCT_NAME = "$(TARGET_NAME)";
				SWIFT_VERSION = 5.0;
				TARGETED_DEVICE_FAMILY = "1,2";
				TEST_HOST = "$(BUILT_PRODUCTS_DIR)/Weather_Swift.app/Weather_Swift";
			};
			name = Release;
		};
		0AAE530226B3448E0012468B /* Debug */ = {
			isa = XCBuildConfiguration;
			buildSettings = {
				ALWAYS_EMBED_SWIFT_STANDARD_LIBRARIES = YES;
				CODE_SIGN_STYLE = Automatic;
				INFOPLIST_FILE = Weather_SwiftUITests/Info.plist;
				LD_RUNPATH_SEARCH_PATHS = (
					"$(inherited)",
					"@executable_path/Frameworks",
					"@loader_path/Frameworks",
				);
				PRODUCT_BUNDLE_IDENTIFIER = "com.self.Weather-SwiftUITests";
				PRODUCT_NAME = "$(TARGET_NAME)";
				SWIFT_VERSION = 5.0;
				TARGETED_DEVICE_FAMILY = "1,2";
				TEST_TARGET_NAME = Weather_Swift;
			};
			name = Debug;
		};
		0AAE530326B3448E0012468B /* Release */ = {
			isa = XCBuildConfiguration;
			buildSettings = {
				ALWAYS_EMBED_SWIFT_STANDARD_LIBRARIES = YES;
				CODE_SIGN_STYLE = Automatic;
				INFOPLIST_FILE = Weather_SwiftUITests/Info.plist;
				LD_RUNPATH_SEARCH_PATHS = (
					"$(inherited)",
					"@executable_path/Frameworks",
					"@loader_path/Frameworks",
				);
				PRODUCT_BUNDLE_IDENTIFIER = "com.self.Weather-SwiftUITests";
				PRODUCT_NAME = "$(TARGET_NAME)";
				SWIFT_VERSION = 5.0;
				TARGETED_DEVICE_FAMILY = "1,2";
				TEST_TARGET_NAME = Weather_Swift;
			};
			name = Release;
		};
/* End XCBuildConfiguration section */

/* Begin XCConfigurationList section */
		0AAE52CC26B344850012468B /* Build configuration list for PBXProject "Weather_Swift" */ = {
			isa = XCConfigurationList;
			buildConfigurations = (
				0AAE52F926B3448E0012468B /* Debug */,
				0AAE52FA26B3448E0012468B /* Release */,
			);
			defaultConfigurationIsVisible = 0;
			defaultConfigurationName = Release;
		};
		0AAE52FB26B3448E0012468B /* Build configuration list for PBXNativeTarget "Weather_Swift" */ = {
			isa = XCConfigurationList;
			buildConfigurations = (
				0AAE52FC26B3448E0012468B /* Debug */,
				0AAE52FD26B3448E0012468B /* Release */,
			);
			defaultConfigurationIsVisible = 0;
			defaultConfigurationName = Release;
		};
		0AAE52FE26B3448E0012468B /* Build configuration list for PBXNativeTarget "Weather_SwiftTests" */ = {
			isa = XCConfigurationList;
			buildConfigurations = (
				0AAE52FF26B3448E0012468B /* Debug */,
				0AAE530026B3448E0012468B /* Release */,
			);
			defaultConfigurationIsVisible = 0;
			defaultConfigurationName = Release;
		};
		0AAE530126B3448E0012468B /* Build configuration list for PBXNativeTarget "Weather_SwiftUITests" */ = {
			isa = XCConfigurationList;
			buildConfigurations = (
				0AAE530226B3448E0012468B /* Debug */,
				0AAE530326B3448E0012468B /* Release */,
			);
			defaultConfigurationIsVisible = 0;
			defaultConfigurationName = Release;
		};
/* End XCConfigurationList section */
	};
	rootObject = 0AAE52C926B344850012468B /* Project object */;
}
